
Microsoft Visual Studio Solution File, Format Version 12.00
# Visual Studio Version 16
VisualStudioVersion = 16.0.30804.86
MinimumVisualStudioVersion = 10.0.40219.1
Project("{FAE04EC0-301F-11D3-BF4B-00C04F79EFBC}") = "Problem1", "Problem1\Problem1.csproj", "{19D229A0-3B70-4389-947B-AE231B1F7190}"
EndProject
Project("{FAE04EC0-301F-11D3-BF4B-00C04F79EFBC}") = "Problem2", "Problem2\Problem2.csproj", "{B2FFA46F-8936-4DD5-A813-1D0BF4D69A92}"
EndProject
Project("{FAE04EC0-301F-11D3-BF4B-00C04F79EFBC}") = "Problem3.1", "Problem3.1\Problem3.1.csproj", "{5171C942-6603-452F-9F1B-75B69342368C}"
EndProject
Project("{FAE04EC0-301F-11D3-BF4B-00C04F79EFBC}") = "Problem3.2", "Problem3.2\Problem3.2.csproj", "{3A362073-6B6E-4D22-980B-5E378B86F28A}"
EndProject
Project("{FAE04EC0-301F-11D3-BF4B-00C04F79EFBC}") = "Problem3.3", "Problem3.3\Problem3.3.csproj", "{9BC86AD8-A9C5-4F9A-805E-BCD871753064}"
EndProject
Global
	GlobalSection(SolutionConfigurationPlatforms) = preSolution
		Debug|Any CPU = Debug|Any CPU
		Release|Any CPU = Release|Any CPU
	EndGlobalSection
	GlobalSection(ProjectConfigurationPlatforms) = postSolution
		{19D229A0-3B70-4389-947B-AE231B1F7190}.Debug|Any CPU.ActiveCfg = Debug|Any CPU
		{19D229A0-3B70-4389-947B-AE231B1F7190}.Debug|Any CPU.Build.0 = Debug|Any CPU
		{19D229A0-3B70-4389-947B-AE231B1F7190}.Release|Any CPU.ActiveCfg = Release|Any CPU
		{19D229A0-3B70-4389-947B-AE231B1F7190}.Release|Any CPU.Build.0 = Release|Any CPU
		{B2FFA46F-8936-4DD5-A813-1D0BF4D69A92}.Debug|Any CPU.ActiveCfg = Debug|Any CPU
		{B2FFA46F-8936-4DD5-A813-1D0BF4D69A92}.Debug|Any CPU.Build.0 = Debug|Any CPU
		{B2FFA46F-8936-4DD5-A813-1D0BF4D69A92}.Release|Any CPU.ActiveCfg = Release|Any CPU
		{B2FFA46F-8936-4DD5-A813-1D0BF4D69A92}.Release|Any CPU.Build.0 = Release|Any CPU
		{5171C942-6603-452F-9F1B-75B69342368C}.Debug|Any CPU.ActiveCfg = Debug|Any CPU
		{5171C942-6603-452F-9F1B-75B69342368C}.Debug|Any CPU.Build.0 = Debug|Any CPU
		{5171C942-6603-452F-9F1B-75B69342368C}.Release|Any CPU.ActiveCfg = Release|Any CPU
		{5171C942-6603-452F-9F1B-75B69342368C}.Release|Any CPU.Build.0 = Release|Any CPU
		{3A362073-6B6E-4D22-980B-5E378B86F28A}.Debug|Any CPU.ActiveCfg = Debug|Any CPU
		{3A362073-6B6E-4D22-980B-5E378B86F28A}.Debug|Any CPU.Build.0 = Debug|Any CPU
		{3A362073-6B6E-4D22-980B-5E378B86F28A}.Release|Any CPU.ActiveCfg = Release|Any CPU
		{3A362073-6B6E-4D22-980B-5E378B86F28A}.Release|Any CPU.Build.0 = Release|Any CPU
		{9BC86AD8-A9C5-4F9A-805E-BCD871753064}.Debug|Any CPU.ActiveCfg = Debug|Any CPU
		{9BC86AD8-A9C5-4F9A-805E-BCD871753064}.Debug|Any CPU.Build.0 = Debug|Any CPU
		{9BC86AD8-A9C5-4F9A-805E-BCD871753064}.Release|Any CPU.ActiveCfg = Release|Any CPU
		{9BC86AD8-A9C5-4F9A-805E-BCD871753064}.Release|Any CPU.Build.0 = Release|Any CPU
	EndGlobalSection
	GlobalSection(SolutionProperties) = preSolution
		HideSolutionNode = FALSE
	EndGlobalSection
	GlobalSection(ExtensibilityGlobals) = postSolution
		SolutionGuid = {D525668B-383F-4A96-9083-62A09CBC199A}
	EndGlobalSection
EndGlobal
